
Microsoft Visual Studio Solution File, Format Version 12.00
# Visual Studio Version 17
VisualStudioVersion = 17.8.34525.116
MinimumVisualStudioVersion = 10.0.40219.1
Project("{FAE04EC0-301F-11D3-BF4B-00C04F79EFBC}") = "MainProjectPhase3", "MainProjectPhase3\MainProjectPhase3.csproj", "{960CC5E1-91CF-4097-A980-9B80A267094B}"
EndProject
Global
	GlobalSection(SolutionConfigurationPlatforms) = preSolution
		Debug|Any CPU = Debug|Any CPU
		Release|Any CPU = Release|Any CPU
	EndGlobalSection
	GlobalSection(ProjectConfigurationPlatforms) = postSolution
		{960CC5E1-91CF-4097-A980-9B80A267094B}.Debug|Any CPU.ActiveCfg = Debug|Any CPU
		{960CC5E1-91CF-4097-A980-9B80A267094B}.Debug|Any CPU.Build.0 = Debug|Any CPU
		{960CC5E1-91CF-4097-A980-9B80A267094B}.Release|Any CPU.ActiveCfg = Release|Any CPU
		{960CC5E1-91CF-4097-A980-9B80A267094B}.Release|Any CPU.Build.0 = Release|Any CPU
	EndGlobalSection
	GlobalSection(SolutionProperties) = preSolution
		HideSolutionNode = FALSE
	EndGlobalSection
	GlobalSection(ExtensibilityGlobals) = postSolution
		SolutionGuid = {A9EA7488-CF73-4903-AD01-93154FD428D8}
	EndGlobalSection
EndGlobal
